{
  "originHash" : "e565d1f84afdf8dc8bb3af491ea9921df1269fb7a6220bbf633e7b0b568f1bd5",
  "pins" : [
    {
      "identity" : "codextended",
      "kind" : "remoteSourceControl",
      "location" : "https://github.com/JohnSundell/Codextended",
      "state" : {
        "revision" : "8d7c46dfc9c55240870cf5561d6cefa41e3d7105",
        "version" : "0.3.0"
      }
    },
    {
      "identity" : "kingfisher",
      "kind" : "remoteSourceControl",
      "location" : "https://github.com/onevcat/Kingfisher.git",
      "state" : {
        "revision" : "1a0c2df04b31ed7aa318354f3583faea24f006fc",
        "version" : "5.15.8"
      }
    },
    {
      "identity" : "reactorkit",
      "kind" : "remoteSourceControl",
      "location" : "https://github.com/ReactorKit/ReactorKit.git",
      "state" : {
        "revision" : "8fa33f09c6f6621a2aa536d739956d53b84dd139",
        "version" : "3.2.0"
      }
    },
    {
      "identity" : "rxkingfisher",
      "kind" : "remoteSourceControl",
      "location" : "https://github.com/RxSwiftCommunity/RxKingfisher",
      "state" : {
        "revision" : "5f195d1c9a21e3ca930d1bfef24335c8b752ea64",
        "version" : "2.1.0"
      }
    },
    {
      "identity" : "rxswift",
      "kind" : "remoteSourceControl",
      "location" : "https://github.com/ReactiveX/RxSwift.git",
      "state" : {
        "revision" : "5004a18539bd68905c5939aa893075f578f4f03d",
        "version" : "6.9.1"
      }
    },
    {
      "identity" : "snapkit",
      "kind" : "remoteSourceControl",
      "location" : "https://github.com/SnapKit/SnapKit.git",
      "state" : {
        "revision" : "2842e6e84e82eb9a8dac0100ca90d9444b0307f4",
        "version" : "5.7.1"
      }
    },
    {
      "identity" : "weakmaptable",
      "kind" : "remoteSourceControl",
      "location" : "https://github.com/ReactorKit/WeakMapTable.git",
      "state" : {
        "revision" : "cb05d64cef2bbf51e85c53adee937df46540a74e",
        "version" : "1.2.1"
      }
    }
  ],
  "version" : 3
}
